// !$*UTF8*$!
{
	archiveVersion = 1;
	classes = {
	};
	objectVersion = 60;
	objects = {

/* Begin PBXBuildFile section */
		E48DF2FE2D72129300F92063 /* MacroTrackApp.swift in Sources */ = {isa = PBXBuildFile; fileRef = E48DF2FD2D72129300F92063 /* MacroTrackApp.swift */; };
		E48DF3022D72129400F92063 /* Assets.xcassets in Resources */ = {isa = PBXBuildFile; fileRef = E48DF3012D72129400F92063 /* Assets.xcassets */; };
		E48DF3062D72129400F92063 /* Preview Assets.xcassets in Resources */ = {isa = PBXBuildFile; fileRef = E48DF3052D72129400F92063 /* Preview Assets.xcassets */; };
		E48DF30E2D7212D500F92063 /* Colors.swift in Sources */ = {isa = PBXBuildFile; fileRef = E48DF30D2D7212D500F92063 /* Colors.swift */; };
		E48DF3102D72134000F92063 /* FoodLogView.swift in Sources */ = {isa = PBXBuildFile; fileRef = E48DF30F2D72134000F92063 /* FoodLogView.swift */; };
		E48DF31A2D72311A00F92063 /* FatSecretSwift in Frameworks */ = {isa = PBXBuildFile; productRef = E48DF3192D72311A00F92063 /* FatSecretSwift */; };
		E48DF3282D7249CB00F92063 /* FatSecretSwift in Frameworks */ = {isa = PBXBuildFile; productRef = E48DF3272D7249CB00F92063 /* FatSecretSwift */; };
		E48DF32B2D7249E300F92063 /* FatSecretSwift in Frameworks */ = {isa = PBXBuildFile; productRef = E48DF32A2D7249E300F92063 /* FatSecretSwift */; };
		E48DF32E2D724BFF00F92063 /* MacroFood.swift in Sources */ = {isa = PBXBuildFile; fileRef = E48DF32D2D724BFF00F92063 /* MacroFood.swift */; };
		E48DF3302D724C1D00F92063 /* MacronutrientInfo.swift in Sources */ = {isa = PBXBuildFile; fileRef = E48DF32F2D724C1D00F92063 /* MacronutrientInfo.swift */; };
		E48DF3332D7252D600F92063 /* FoodLogViewModel.swift in Sources */ = {isa = PBXBuildFile; fileRef = E48DF3322D7252D600F92063 /* FoodLogViewModel.swift */; };
		E48DF3362D7253E100F92063 /* Meal.swift in Sources */ = {isa = PBXBuildFile; fileRef = E48DF3352D7253E100F92063 /* Meal.swift */; };
		E48DF3382D72540700F92063 /* MealLogs.swift in Sources */ = {isa = PBXBuildFile; fileRef = E48DF3372D72540700F92063 /* MealLogs.swift */; };
		E48DF33B2D7254C700F92063 /* FoodHelper.swift in Sources */ = {isa = PBXBuildFile; fileRef = E48DF33A2D7254C700F92063 /* FoodHelper.swift */; };
		E48DF33E2D7270B000F92063 /* FatSecretSwift in Frameworks */ = {isa = PBXBuildFile; productRef = E48DF33D2D7270B000F92063 /* FatSecretSwift */; };
		E48DF3412D7291CD00F92063 /* AlertView.swift in Sources */ = {isa = PBXBuildFile; fileRef = E48DF3402D7291CD00F92063 /* AlertView.swift */; };
		E48DF3432D73797E00F92063 /* RoundingHelper.swift in Sources */ = {isa = PBXBuildFile; fileRef = E48DF3422D73797E00F92063 /* RoundingHelper.swift */; };
		E48DF3452D73965A00F92063 /* ApplicationHelper.swift in Sources */ = {isa = PBXBuildFile; fileRef = E48DF3442D73965A00F92063 /* ApplicationHelper.swift */; };
/* End PBXBuildFile section */

/* Begin PBXFileReference section */
		E48DF2FA2D72129300F92063 /* MacroTrack.app */ = {isa = PBXFileReference; explicitFileType = wrapper.application; includeInIndex = 0; path = MacroTrack.app; sourceTree = BUILT_PRODUCTS_DIR; };
		E48DF2FD2D72129300F92063 /* MacroTrackApp.swift */ = {isa = PBXFileReference; lastKnownFileType = sourcecode.swift; path = MacroTrackApp.swift; sourceTree = "<group>"; };
		E48DF3012D72129400F92063 /* Assets.xcassets */ = {isa = PBXFileReference; lastKnownFileType = folder.assetcatalog; path = Assets.xcassets; sourceTree = "<group>"; };
		E48DF3032D72129400F92063 /* MacroTrack.entitlements */ = {isa = PBXFileReference; lastKnownFileType = text.plist.entitlements; path = MacroTrack.entitlements; sourceTree = "<group>"; };
		E48DF3052D72129400F92063 /* Preview Assets.xcassets */ = {isa = PBXFileReference; lastKnownFileType = folder.assetcatalog; path = "Preview Assets.xcassets"; sourceTree = "<group>"; };
		E48DF30D2D7212D500F92063 /* Colors.swift */ = {isa = PBXFileReference; lastKnownFileType = sourcecode.swift; path = Colors.swift; sourceTree = "<group>"; };
		E48DF30F2D72134000F92063 /* FoodLogView.swift */ = {isa = PBXFileReference; lastKnownFileType = sourcecode.swift; path = FoodLogView.swift; sourceTree = "<group>"; };
		E48DF32D2D724BFF00F92063 /* MacroFood.swift */ = {isa = PBXFileReference; lastKnownFileType = sourcecode.swift; path = MacroFood.swift; sourceTree = "<group>"; };
		E48DF32F2D724C1D00F92063 /* MacronutrientInfo.swift */ = {isa = PBXFileReference; lastKnownFileType = sourcecode.swift; path = MacronutrientInfo.swift; sourceTree = "<group>"; };
		E48DF3322D7252D600F92063 /* FoodLogViewModel.swift */ = {isa = PBXFileReference; lastKnownFileType = sourcecode.swift; path = FoodLogViewModel.swift; sourceTree = "<group>"; };
		E48DF3352D7253E100F92063 /* Meal.swift */ = {isa = PBXFileReference; lastKnownFileType = sourcecode.swift; path = Meal.swift; sourceTree = "<group>"; };
		E48DF3372D72540700F92063 /* MealLogs.swift */ = {isa = PBXFileReference; lastKnownFileType = sourcecode.swift; path = MealLogs.swift; sourceTree = "<group>"; };
		E48DF33A2D7254C700F92063 /* FoodHelper.swift */ = {isa = PBXFileReference; lastKnownFileType = sourcecode.swift; path = FoodHelper.swift; sourceTree = "<group>"; };
		E48DF3402D7291CD00F92063 /* AlertView.swift */ = {isa = PBXFileReference; lastKnownFileType = sourcecode.swift; path = AlertView.swift; sourceTree = "<group>"; };
		E48DF3422D73797E00F92063 /* RoundingHelper.swift */ = {isa = PBXFileReference; lastKnownFileType = sourcecode.swift; path = RoundingHelper.swift; sourceTree = "<group>"; };
		E48DF3442D73965A00F92063 /* ApplicationHelper.swift */ = {isa = PBXFileReference; lastKnownFileType = sourcecode.swift; path = ApplicationHelper.swift; sourceTree = "<group>"; };
/* End PBXFileReference section */

/* Begin PBXFrameworksBuildPhase section */
		E48DF2F72D72129300F92063 /* Frameworks */ = {
			isa = PBXFrameworksBuildPhase;
			buildActionMask = 2147483647;
			files = (
				E48DF33E2D7270B000F92063 /* FatSecretSwift in Frameworks */,
				E48DF3282D7249CB00F92063 /* FatSecretSwift in Frameworks */,
				E48DF32B2D7249E300F92063 /* FatSecretSwift in Frameworks */,
				E48DF31A2D72311A00F92063 /* FatSecretSwift in Frameworks */,
			);
			runOnlyForDeploymentPostprocessing = 0;
		};
/* End PBXFrameworksBuildPhase section */

/* Begin PBXGroup section */
		E48DF2F12D72129300F92063 = {
			isa = PBXGroup;
			children = (
				E48DF2FC2D72129300F92063 /* MacroTrack */,
				E48DF2FB2D72129300F92063 /* Products */,
			);
			sourceTree = "<group>";
		};
		E48DF2FB2D72129300F92063 /* Products */ = {
			isa = PBXGroup;
			children = (
				E48DF2FA2D72129300F92063 /* MacroTrack.app */,
			);
			name = Products;
			sourceTree = "<group>";
		};
		E48DF2FC2D72129300F92063 /* MacroTrack */ = {
			isa = PBXGroup;
			children = (
				E48DF33F2D7291BA00F92063 /* Views */,
				E48DF3392D7254C000F92063 /* Helpers */,
				E48DF3312D7252C300F92063 /* FoodLog */,
				E48DF32C2D724BF700F92063 /* Data */,
				E48DF30C2D7212CB00F92063 /* Constants */,
				E48DF2FD2D72129300F92063 /* MacroTrackApp.swift */,
				E48DF3012D72129400F92063 /* Assets.xcassets */,
				E48DF3032D72129400F92063 /* MacroTrack.entitlements */,
				E48DF3042D72129400F92063 /* Preview Content */,
			);
			path = MacroTrack;
			sourceTree = "<group>";
		};
		E48DF3042D72129400F92063 /* Preview Content */ = {
			isa = PBXGroup;
			children = (
				E48DF3052D72129400F92063 /* Preview Assets.xcassets */,
			);
			path = "Preview Content";
			sourceTree = "<group>";
		};
		E48DF30C2D7212CB00F92063 /* Constants */ = {
			isa = PBXGroup;
			children = (
				E48DF30D2D7212D500F92063 /* Colors.swift */,
			);
			path = Constants;
			sourceTree = "<group>";
		};
		E48DF32C2D724BF700F92063 /* Data */ = {
			isa = PBXGroup;
			children = (
				E48DF32D2D724BFF00F92063 /* MacroFood.swift */,
				E48DF32F2D724C1D00F92063 /* MacronutrientInfo.swift */,
				E48DF3352D7253E100F92063 /* Meal.swift */,
				E48DF3372D72540700F92063 /* MealLogs.swift */,
			);
			path = Data;
			sourceTree = "<group>";
		};
		E48DF3312D7252C300F92063 /* FoodLog */ = {
			isa = PBXGroup;
			children = (
				E48DF30F2D72134000F92063 /* FoodLogView.swift */,
				E48DF3322D7252D600F92063 /* FoodLogViewModel.swift */,
			);
			path = FoodLog;
			sourceTree = "<group>";
		};
		E48DF3392D7254C000F92063 /* Helpers */ = {
			isa = PBXGroup;
			children = (
				E48DF33A2D7254C700F92063 /* FoodHelper.swift */,
				E48DF3422D73797E00F92063 /* RoundingHelper.swift */,
				E48DF3442D73965A00F92063 /* ApplicationHelper.swift */,
			);
			path = Helpers;
			sourceTree = "<group>";
		};
		E48DF33F2D7291BA00F92063 /* Views */ = {
			isa = PBXGroup;
			children = (
				E48DF3402D7291CD00F92063 /* AlertView.swift */,
			);
			path = Views;
			sourceTree = "<group>";
		};
/* End PBXGroup section */

/* Begin PBXNativeTarget section */
		E48DF2F92D72129300F92063 /* MacroTrack */ = {
			isa = PBXNativeTarget;
			buildConfigurationList = E48DF3092D72129400F92063 /* Build configuration list for PBXNativeTarget "MacroTrack" */;
			buildPhases = (
				E48DF2F62D72129300F92063 /* Sources */,
				E48DF2F72D72129300F92063 /* Frameworks */,
				E48DF2F82D72129300F92063 /* Resources */,
			);
			buildRules = (
			);
			dependencies = (
			);
			name = MacroTrack;
			packageProductDependencies = (
				E48DF3192D72311A00F92063 /* FatSecretSwift */,
				E48DF3272D7249CB00F92063 /* FatSecretSwift */,
				E48DF32A2D7249E300F92063 /* FatSecretSwift */,
				E48DF33D2D7270B000F92063 /* FatSecretSwift */,
			);
			productName = MacroTrack;
			productReference = E48DF2FA2D72129300F92063 /* MacroTrack.app */;
			productType = "com.apple.product-type.application";
		};
/* End PBXNativeTarget section */

/* Begin PBXProject section */
		E48DF2F22D72129300F92063 /* Project object */ = {
			isa = PBXProject;
			attributes = {
				BuildIndependentTargetsInParallel = 1;
				LastSwiftUpdateCheck = 1530;
				LastUpgradeCheck = 1530;
				TargetAttributes = {
					E48DF2F92D72129300F92063 = {
						CreatedOnToolsVersion = 15.3;
					};
				};
			};
			buildConfigurationList = E48DF2F52D72129300F92063 /* Build configuration list for PBXProject "MacroTrack" */;
			compatibilityVersion = "Xcode 14.0";
			developmentRegion = en;
			hasScannedForEncodings = 0;
			knownRegions = (
				en,
				Base,
			);
			mainGroup = E48DF2F12D72129300F92063;
			packageReferences = (
				E48DF33C2D7270B000F92063 /* XCLocalSwiftPackageReference "../FatSecretSwift" */,
			);
			productRefGroup = E48DF2FB2D72129300F92063 /* Products */;
			projectDirPath = "";
			projectRoot = "";
			targets = (
				E48DF2F92D72129300F92063 /* MacroTrack */,
			);
		};
/* End PBXProject section */

/* Begin PBXResourcesBuildPhase section */
		E48DF2F82D72129300F92063 /* Resources */ = {
			isa = PBXResourcesBuildPhase;
			buildActionMask = 2147483647;
			files = (
				E48DF3062D72129400F92063 /* Preview Assets.xcassets in Resources */,
				E48DF3022D72129400F92063 /* Assets.xcassets in Resources */,
			);
			runOnlyForDeploymentPostprocessing = 0;
		};
/* End PBXResourcesBuildPhase section */

/* Begin PBXSourcesBuildPhase section */
		E48DF2F62D72129300F92063 /* Sources */ = {
			isa = PBXSourcesBuildPhase;
			buildActionMask = 2147483647;
			files = (
				E48DF32E2D724BFF00F92063 /* MacroFood.swift in Sources */,
				E48DF3102D72134000F92063 /* FoodLogView.swift in Sources */,
				E48DF3362D7253E100F92063 /* Meal.swift in Sources */,
				E48DF3302D724C1D00F92063 /* MacronutrientInfo.swift in Sources */,
				E48DF30E2D7212D500F92063 /* Colors.swift in Sources */,
				E48DF3412D7291CD00F92063 /* AlertView.swift in Sources */,
				E48DF3452D73965A00F92063 /* ApplicationHelper.swift in Sources */,
				E48DF3382D72540700F92063 /* MealLogs.swift in Sources */,
				E48DF33B2D7254C700F92063 /* FoodHelper.swift in Sources */,
				E48DF2FE2D72129300F92063 /* MacroTrackApp.swift in Sources */,
				E48DF3432D73797E00F92063 /* RoundingHelper.swift in Sources */,
				E48DF3332D7252D600F92063 /* FoodLogViewModel.swift in Sources */,
			);
			runOnlyForDeploymentPostprocessing = 0;
		};
/* End PBXSourcesBuildPhase section */

/* Begin XCBuildConfiguration section */
		E48DF3072D72129400F92063 /* Debug */ = {
			isa = XCBuildConfiguration;
			buildSettings = {
				ALWAYS_SEARCH_USER_PATHS = NO;
				ASSETCATALOG_COMPILER_GENERATE_SWIFT_ASSET_SYMBOL_EXTENSIONS = YES;
				CLANG_ANALYZER_NONNULL = YES;
				CLANG_ANALYZER_NUMBER_OBJECT_CONVERSION = YES_AGGRESSIVE;
				CLANG_CXX_LANGUAGE_STANDARD = "gnu++20";
				CLANG_ENABLE_MODULES = YES;
				CLANG_ENABLE_OBJC_ARC = YES;
				CLANG_ENABLE_OBJC_WEAK = YES;
				CLANG_WARN_BLOCK_CAPTURE_AUTORELEASING = YES;
				CLANG_WARN_BOOL_CONVERSION = YES;
				CLANG_WARN_COMMA = YES;
				CLANG_WARN_CONSTANT_CONVERSION = YES;
				CLANG_WARN_DEPRECATED_OBJC_IMPLEMENTATIONS = YES;
				CLANG_WARN_DIRECT_OBJC_ISA_USAGE = YES_ERROR;
				CLANG_WARN_DOCUMENTATION_COMMENTS = YES;
				CLANG_WARN_EMPTY_BODY = YES;
				CLANG_WARN_ENUM_CONVERSION = YES;
				CLANG_WARN_INFINITE_RECURSION = YES;
				CLANG_WARN_INT_CONVERSION = YES;
				CLANG_WARN_NON_LITERAL_NULL_CONVERSION = YES;
				CLANG_WARN_OBJC_IMPLICIT_RETAIN_SELF = YES;
				CLANG_WARN_OBJC_LITERAL_CONVERSION = YES;
				CLANG_WARN_OBJC_ROOT_CLASS = YES_ERROR;
				CLANG_WARN_QUOTED_INCLUDE_IN_FRAMEWORK_HEADER = YES;
				CLANG_WARN_RANGE_LOOP_ANALYSIS = YES;
				CLANG_WARN_STRICT_PROTOTYPES = YES;
				CLANG_WARN_SUSPICIOUS_MOVE = YES;
				CLANG_WARN_UNGUARDED_AVAILABILITY = YES_AGGRESSIVE;
				CLANG_WARN_UNREACHABLE_CODE = YES;
				CLANG_WARN__DUPLICATE_METHOD_MATCH = YES;
				COPY_PHASE_STRIP = NO;
				DEBUG_INFORMATION_FORMAT = dwarf;
				ENABLE_STRICT_OBJC_MSGSEND = YES;
				ENABLE_TESTABILITY = YES;
				ENABLE_USER_SCRIPT_SANDBOXING = YES;
				GCC_C_LANGUAGE_STANDARD = gnu17;
				GCC_DYNAMIC_NO_PIC = NO;
				GCC_NO_COMMON_BLOCKS = YES;
				GCC_OPTIMIZATION_LEVEL = 0;
				GCC_PREPROCESSOR_DEFINITIONS = (
					"DEBUG=1",
					"$(inherited)",
				);
				GCC_WARN_64_TO_32_BIT_CONVERSION = YES;
				GCC_WARN_ABOUT_RETURN_TYPE = YES_ERROR;
				GCC_WARN_UNDECLARED_SELECTOR = YES;
				GCC_WARN_UNINITIALIZED_AUTOS = YES_AGGRESSIVE;
				GCC_WARN_UNUSED_FUNCTION = YES;
				GCC_WARN_UNUSED_VARIABLE = YES;
				LOCALIZATION_PREFERS_STRING_CATALOGS = YES;
				MTL_ENABLE_DEBUG_INFO = INCLUDE_SOURCE;
				MTL_FAST_MATH = YES;
				ONLY_ACTIVE_ARCH = YES;
				SWIFT_ACTIVE_COMPILATION_CONDITIONS = "DEBUG $(inherited)";
				SWIFT_OPTIMIZATION_LEVEL = "-Onone";
			};
			name = Debug;
		};
		E48DF3082D72129400F92063 /* Release */ = {
			isa = XCBuildConfiguration;
			buildSettings = {
				ALWAYS_SEARCH_USER_PATHS = NO;
				ASSETCATALOG_COMPILER_GENERATE_SWIFT_ASSET_SYMBOL_EXTENSIONS = YES;
				CLANG_ANALYZER_NONNULL = YES;
				CLANG_ANALYZER_NUMBER_OBJECT_CONVERSION = YES_AGGRESSIVE;
				CLANG_CXX_LANGUAGE_STANDARD = "gnu++20";
				CLANG_ENABLE_MODULES = YES;
				CLANG_ENABLE_OBJC_ARC = YES;
				CLANG_ENABLE_OBJC_WEAK = YES;
				CLANG_WARN_BLOCK_CAPTURE_AUTORELEASING = YES;
				CLANG_WARN_BOOL_CONVERSION = YES;
				CLANG_WARN_COMMA = YES;
				CLANG_WARN_CONSTANT_CONVERSION = YES;
				CLANG_WARN_DEPRECATED_OBJC_IMPLEMENTATIONS = YES;
				CLANG_WARN_DIRECT_OBJC_ISA_USAGE = YES_ERROR;
				CLANG_WARN_DOCUMENTATION_COMMENTS = YES;
				CLANG_WARN_EMPTY_BODY = YES;
				CLANG_WARN_ENUM_CONVERSION = YES;
				CLANG_WARN_INFINITE_RECURSION = YES;
				CLANG_WARN_INT_CONVERSION = YES;
				CLANG_WARN_NON_LITERAL_NULL_CONVERSION = YES;
				CLANG_WARN_OBJC_IMPLICIT_RETAIN_SELF = YES;
				CLANG_WARN_OBJC_LITERAL_CONVERSION = YES;
				CLANG_WARN_OBJC_ROOT_CLASS = YES_ERROR;
				CLANG_WARN_QUOTED_INCLUDE_IN_FRAMEWORK_HEADER = YES;
				CLANG_WARN_RANGE_LOOP_ANALYSIS = YES;
				CLANG_WARN_STRICT_PROTOTYPES = YES;
				CLANG_WARN_SUSPICIOUS_MOVE = YES;
				CLANG_WARN_UNGUARDED_AVAILABILITY = YES_AGGRESSIVE;
				CLANG_WARN_UNREACHABLE_CODE = YES;
				CLANG_WARN__DUPLICATE_METHOD_MATCH = YES;
				COPY_PHASE_STRIP = NO;
				DEBUG_INFORMATION_FORMAT = "dwarf-with-dsym";
				ENABLE_NS_ASSERTIONS = NO;
				ENABLE_STRICT_OBJC_MSGSEND = YES;
				ENABLE_USER_SCRIPT_SANDBOXING = YES;
				GCC_C_LANGUAGE_STANDARD = gnu17;
				GCC_NO_COMMON_BLOCKS = YES;
				GCC_WARN_64_TO_32_BIT_CONVERSION = YES;
				GCC_WARN_ABOUT_RETURN_TYPE = YES_ERROR;
				GCC_WARN_UNDECLARED_SELECTOR = YES;
				GCC_WARN_UNINITIALIZED_AUTOS = YES_AGGRESSIVE;
				GCC_WARN_UNUSED_FUNCTION = YES;
				GCC_WARN_UNUSED_VARIABLE = YES;
				LOCALIZATION_PREFERS_STRING_CATALOGS = YES;
				MTL_ENABLE_DEBUG_INFO = NO;
				MTL_FAST_MATH = YES;
				SWIFT_COMPILATION_MODE = wholemodule;
			};
			name = Release;
		};
		E48DF30A2D72129400F92063 /* Debug */ = {
			isa = XCBuildConfiguration;
			buildSettings = {
				ASSETCATALOG_COMPILER_APPICON_NAME = AppIcon;
				ASSETCATALOG_COMPILER_GLOBAL_ACCENT_COLOR_NAME = AccentColor;
				CODE_SIGN_ENTITLEMENTS = MacroTrack/MacroTrack.entitlements;
				CODE_SIGN_STYLE = Automatic;
				CURRENT_PROJECT_VERSION = 1;
				DEVELOPMENT_ASSET_PATHS = "\"MacroTrack/Preview Content\"";
				DEVELOPMENT_TEAM = Y3NV8759Z7;
				ENABLE_HARDENED_RUNTIME = YES;
				ENABLE_PREVIEWS = YES;
				GENERATE_INFOPLIST_FILE = YES;
				"INFOPLIST_KEY_UIApplicationSceneManifest_Generation[sdk=iphoneos*]" = YES;
				"INFOPLIST_KEY_UIApplicationSceneManifest_Generation[sdk=iphonesimulator*]" = YES;
				"INFOPLIST_KEY_UIApplicationSupportsIndirectInputEvents[sdk=iphoneos*]" = YES;
				"INFOPLIST_KEY_UIApplicationSupportsIndirectInputEvents[sdk=iphonesimulator*]" = YES;
				"INFOPLIST_KEY_UILaunchScreen_Generation[sdk=iphoneos*]" = YES;
				"INFOPLIST_KEY_UILaunchScreen_Generation[sdk=iphonesimulator*]" = YES;
				"INFOPLIST_KEY_UIStatusBarStyle[sdk=iphoneos*]" = UIStatusBarStyleDefault;
				"INFOPLIST_KEY_UIStatusBarStyle[sdk=iphonesimulator*]" = UIStatusBarStyleDefault;
				INFOPLIST_KEY_UISupportedInterfaceOrientations_iPad = "UIInterfaceOrientationPortrait UIInterfaceOrientationPortraitUpsideDown UIInterfaceOrientationLandscapeLeft UIInterfaceOrientationLandscapeRight";
				INFOPLIST_KEY_UISupportedInterfaceOrientations_iPhone = "UIInterfaceOrientationPortrait UIInterfaceOrientationLandscapeLeft UIInterfaceOrientationLandscapeRight";
				IPHONEOS_DEPLOYMENT_TARGET = 17.4;
				LD_RUNPATH_SEARCH_PATHS = "@executable_path/Frameworks";
				"LD_RUNPATH_SEARCH_PATHS[sdk=macosx*]" = "@executable_path/../Frameworks";
				MACOSX_DEPLOYMENT_TARGET = 14.3;
				MARKETING_VERSION = 1.0;
				PRODUCT_BUNDLE_IDENTIFIER = com.buckeyesoftware.MacroTrack;
				PRODUCT_NAME = "$(TARGET_NAME)";
				SDKROOT = auto;
				SUPPORTED_PLATFORMS = "iphoneos iphonesimulator macosx";
				SWIFT_EMIT_LOC_STRINGS = YES;
				SWIFT_VERSION = 5.0;
				TARGETED_DEVICE_FAMILY = "1,2";
			};
			name = Debug;
		};
		E48DF30B2D72129400F92063 /* Release */ = {
			isa = XCBuildConfiguration;
			buildSettings = {
				ASSETCATALOG_COMPILER_APPICON_NAME = AppIcon;
				ASSETCATALOG_COMPILER_GLOBAL_ACCENT_COLOR_NAME = AccentColor;
				CODE_SIGN_ENTITLEMENTS = MacroTrack/MacroTrack.entitlements;
				CODE_SIGN_STYLE = Automatic;
				CURRENT_PROJECT_VERSION = 1;
				DEVELOPMENT_ASSET_PATHS = "\"MacroTrack/Preview Content\"";
				DEVELOPMENT_TEAM = Y3NV8759Z7;
				ENABLE_HARDENED_RUNTIME = YES;
				ENABLE_PREVIEWS = YES;
				GENERATE_INFOPLIST_FILE = YES;
				"INFOPLIST_KEY_UIApplicationSceneManifest_Generation[sdk=iphoneos*]" = YES;
				"INFOPLIST_KEY_UIApplicationSceneManifest_Generation[sdk=iphonesimulator*]" = YES;
				"INFOPLIST_KEY_UIApplicationSupportsIndirectInputEvents[sdk=iphoneos*]" = YES;
				"INFOPLIST_KEY_UIApplicationSupportsIndirectInputEvents[sdk=iphonesimulator*]" = YES;
				"INFOPLIST_KEY_UILaunchScreen_Generation[sdk=iphoneos*]" = YES;
				"INFOPLIST_KEY_UILaunchScreen_Generation[sdk=iphonesimulator*]" = YES;
				"INFOPLIST_KEY_UIStatusBarStyle[sdk=iphoneos*]" = UIStatusBarStyleDefault;
				"INFOPLIST_KEY_UIStatusBarStyle[sdk=iphonesimulator*]" = UIStatusBarStyleDefault;
				INFOPLIST_KEY_UISupportedInterfaceOrientations_iPad = "UIInterfaceOrientationPortrait UIInterfaceOrientationPortraitUpsideDown UIInterfaceOrientationLandscapeLeft UIInterfaceOrientationLandscapeRight";
				INFOPLIST_KEY_UISupportedInterfaceOrientations_iPhone = "UIInterfaceOrientationPortrait UIInterfaceOrientationLandscapeLeft UIInterfaceOrientationLandscapeRight";
				IPHONEOS_DEPLOYMENT_TARGET = 17.4;
				LD_RUNPATH_SEARCH_PATHS = "@executable_path/Frameworks";
				"LD_RUNPATH_SEARCH_PATHS[sdk=macosx*]" = "@executable_path/../Frameworks";
				MACOSX_DEPLOYMENT_TARGET = 14.3;
				MARKETING_VERSION = 1.0;
				PRODUCT_BUNDLE_IDENTIFIER = com.buckeyesoftware.MacroTrack;
				PRODUCT_NAME = "$(TARGET_NAME)";
				SDKROOT = auto;
				SUPPORTED_PLATFORMS = "iphoneos iphonesimulator macosx";
				SWIFT_EMIT_LOC_STRINGS = YES;
				SWIFT_VERSION = 5.0;
				TARGETED_DEVICE_FAMILY = "1,2";
			};
			name = Release;
		};
/* End XCBuildConfiguration section */

/* Begin XCConfigurationList section */
		E48DF2F52D72129300F92063 /* Build configuration list for PBXProject "MacroTrack" */ = {
			isa = XCConfigurationList;
			buildConfigurations = (
				E48DF3072D72129400F92063 /* Debug */,
				E48DF3082D72129400F92063 /* Release */,
			);
			defaultConfigurationIsVisible = 0;
			defaultConfigurationName = Release;
		};
		E48DF3092D72129400F92063 /* Build configuration list for PBXNativeTarget "MacroTrack" */ = {
			isa = XCConfigurationList;
			buildConfigurations = (
				E48DF30A2D72129400F92063 /* Debug */,
				E48DF30B2D72129400F92063 /* Release */,
			);
			defaultConfigurationIsVisible = 0;
			defaultConfigurationName = Release;
		};
/* End XCConfigurationList section */

/* Begin XCLocalSwiftPackageReference section */
		E48DF33C2D7270B000F92063 /* XCLocalSwiftPackageReference "../FatSecretSwift" */ = {
			isa = XCLocalSwiftPackageReference;
			relativePath = ../FatSecretSwift;
		};
/* End XCLocalSwiftPackageReference section */

/* Begin XCSwiftPackageProductDependency section */
		E48DF3192D72311A00F92063 /* FatSecretSwift */ = {
			isa = XCSwiftPackageProductDependency;
			productName = FatSecretSwift;
		};
		E48DF3272D7249CB00F92063 /* FatSecretSwift */ = {
			isa = XCSwiftPackageProductDependency;
			productName = FatSecretSwift;
		};
		E48DF32A2D7249E300F92063 /* FatSecretSwift */ = {
			isa = XCSwiftPackageProductDependency;
			productName = FatSecretSwift;
		};
		E48DF33D2D7270B000F92063 /* FatSecretSwift */ = {
			isa = XCSwiftPackageProductDependency;
			productName = FatSecretSwift;
		};
/* End XCSwiftPackageProductDependency section */
	};
	rootObject = E48DF2F22D72129300F92063 /* Project object */;
}
