{
  "originHash" : "8ac203cc3523580bdcd9b670c6e9ba85afa70b905e69a68c4bde2b6b6f2beb19",
  "pins" : [
    {
      "identity" : "cryptoswift",
      "kind" : "remoteSourceControl",
      "location" : "https://github.com/krzyzanowskim/CryptoSwift.git",
      "state" : {
        "revision" : "729e01bc9b9dab466ac85f21fb9ee2bc1c61b258",
        "version" : "1.8.4"
      }
    }
  ],
  "version" : 3
}
